
Microsoft Visual Studio Solution File, Format Version 12.00
# Visual Studio 15
VisualStudioVersion = 15.0.28307.136
MinimumVisualStudioVersion = 10.0.40219.1
Project("{FAE04EC0-301F-11D3-BF4B-00C04F79EFBC}") = "Hondarersoft.dpm", "Hondarersoft.dpm.csproj", "{3BC6B9F7-F637-4114-8BFD-971C9B496039}"
EndProject
Project("{2150E333-8FDC-42A3-9474-1A3956D46DE8}") = "Samples", "Samples", "{D291DDC4-38C8-42EB-90DA-4692FAF1DBBD}"
EndProject
Project("{FAE04EC0-301F-11D3-BF4B-00C04F79EFBC}") = "Hondarersoft.dpm.EmptyService", "..\Samples\Hondarersoft.dpm.EmptyService\Hondarersoft.dpm.EmptyService.csproj", "{52CFDFC9-929A-4A15-B83C-3857EACC201B}"
EndProject
Global
	GlobalSection(SolutionConfigurationPlatforms) = preSolution
		Debug|Any CPU = Debug|Any CPU
		Release|Any CPU = Release|Any CPU
	EndGlobalSection
	GlobalSection(ProjectConfigurationPlatforms) = postSolution
		{3BC6B9F7-F637-4114-8BFD-971C9B496039}.Debug|Any CPU.ActiveCfg = Debug|Any CPU
		{3BC6B9F7-F637-4114-8BFD-971C9B496039}.Debug|Any CPU.Build.0 = Debug|Any CPU
		{3BC6B9F7-F637-4114-8BFD-971C9B496039}.Release|Any CPU.ActiveCfg = Release|Any CPU
		{3BC6B9F7-F637-4114-8BFD-971C9B496039}.Release|Any CPU.Build.0 = Release|Any CPU
		{52CFDFC9-929A-4A15-B83C-3857EACC201B}.Debug|Any CPU.ActiveCfg = Debug|Any CPU
		{52CFDFC9-929A-4A15-B83C-3857EACC201B}.Debug|Any CPU.Build.0 = Debug|Any CPU
		{52CFDFC9-929A-4A15-B83C-3857EACC201B}.Release|Any CPU.ActiveCfg = Release|Any CPU
		{52CFDFC9-929A-4A15-B83C-3857EACC201B}.Release|Any CPU.Build.0 = Release|Any CPU
	EndGlobalSection
	GlobalSection(SolutionProperties) = preSolution
		HideSolutionNode = FALSE
	EndGlobalSection
	GlobalSection(NestedProjects) = preSolution
		{52CFDFC9-929A-4A15-B83C-3857EACC201B} = {D291DDC4-38C8-42EB-90DA-4692FAF1DBBD}
	EndGlobalSection
	GlobalSection(ExtensibilityGlobals) = postSolution
		SolutionGuid = {1CC36C60-D2B4-408D-9265-089E38C9A64B}
	EndGlobalSection
EndGlobal
